github.com/ejsdotsh/yacht-hugo-theme v0.0.0-20230608190218-7b3d27e4250f h1:IhUV6o+wpgzmLf34GLHrrbFamG6xs/+iVHpA3UtnqgQ=
github.com/ejsdotsh/yacht-hugo-theme v0.0.0-20230608190218-7b3d27e4250f/go.mod h1:uc4HgUzaxHjvfjW3wI2JiT8NkLlXC9zsI6g4OVoUGKg=
github.com/ejsdotsh/yacht-hugo-theme v0.0.2 h1:3fVr/BGGK33s4HKy+HfNZxutizIR/lIb1lxTZ5qBW9A=
github.com/ejsdotsh/yacht-hugo-theme v0.0.2/go.mod h1:bHuEC4h3wnAbq0OBzoW19G/dX7jsVy8PrmrMg/7ID5M=
